
Microsoft Visual Studio Solution File, Format Version 12.00
# Visual Studio Version 17
VisualStudioVersion = 17.5.2.0
MinimumVisualStudioVersion = 10.0.40219.1
Project("{2150E333-8FDC-42A3-9474-1A3956D46DE8}") = "src", "src", "{827E0CD3-B72D-47B6-A68D-7590B98EB39B}"
EndProject
Project("{FAE04EC0-301F-11D3-BF4B-00C04F79EFBC}") = "JaySharp.Core", "src\JaySharp.Core\JaySharp.Core.csproj", "{47A95981-EC77-4952-887C-C54F58AB02B5}"
EndProject
Project("{FAE04EC0-301F-11D3-BF4B-00C04F79EFBC}") = "JaySharp.Cli", "src\JaySharp.Cli\JaySharp.Cli.csproj", "{95D1AC1C-20FE-4364-BE71-A3FB81650999}"
EndProject
Project("{2150E333-8FDC-42A3-9474-1A3956D46DE8}") = "tests", "tests", "{0AB3BF05-4346-4AA6-1389-037BE0695223}"
EndProject
Project("{FAE04EC0-301F-11D3-BF4B-00C04F79EFBC}") = "JaySharp.Tests", "tests\JaySharp.Tests\JaySharp.Tests.csproj", "{B4C3AA80-4D4D-4AA3-B5B9-C91682495577}"
EndProject
Project("{FAE04EC0-301F-11D3-BF4B-00C04F79EFBC}") = "JaySharp.Web", "src\JaySharp.Web\JaySharp.Web.csproj", "{967A65D8-14D7-49B9-8AC7-185C0C56ACA6}"
EndProject
Project("{FAE04EC0-301F-11D3-BF4B-00C04F79EFBC}") = "JaySharp.Generators", "src\JaySharp.Generators\JaySharp.Generators.csproj", "{E63BF7D6-18E9-4883-BF76-68CF1CA690C7}"
EndProject
Project("{2150E333-8FDC-42A3-9474-1A3956D46DE8}") = "samples", "samples", "{5D20AA90-6969-D8BD-9DCD-8634F4692FDA}"
EndProject
Project("{FAE04EC0-301F-11D3-BF4B-00C04F79EFBC}") = "Tomodachi", "samples\Tomodachi\Tomodachi.csproj", "{2B7E1F8C-AFA1-4C6D-B857-E014D293C0DD}"
EndProject
Project("{FAE04EC0-301F-11D3-BF4B-00C04F79EFBC}") = "Tomodachi.Smelly", "samples\Tomodachi.Smelly\Tomodachi.Smelly.csproj", "{1088B335-7678-4619-AECE-A1DB7841FDFE}"
EndProject
Global
	GlobalSection(SolutionConfigurationPlatforms) = preSolution
		Debug|Any CPU = Debug|Any CPU
		Debug|x64 = Debug|x64
		Debug|x86 = Debug|x86
		Release|Any CPU = Release|Any CPU
		Release|x64 = Release|x64
		Release|x86 = Release|x86
	EndGlobalSection
	GlobalSection(ProjectConfigurationPlatforms) = postSolution
		{47A95981-EC77-4952-887C-C54F58AB02B5}.Debug|Any CPU.ActiveCfg = Debug|Any CPU
		{47A95981-EC77-4952-887C-C54F58AB02B5}.Debug|Any CPU.Build.0 = Debug|Any CPU
		{47A95981-EC77-4952-887C-C54F58AB02B5}.Debug|x64.ActiveCfg = Debug|Any CPU
		{47A95981-EC77-4952-887C-C54F58AB02B5}.Debug|x64.Build.0 = Debug|Any CPU
		{47A95981-EC77-4952-887C-C54F58AB02B5}.Debug|x86.ActiveCfg = Debug|Any CPU
		{47A95981-EC77-4952-887C-C54F58AB02B5}.Debug|x86.Build.0 = Debug|Any CPU
		{47A95981-EC77-4952-887C-C54F58AB02B5}.Release|Any CPU.ActiveCfg = Release|Any CPU
		{47A95981-EC77-4952-887C-C54F58AB02B5}.Release|Any CPU.Build.0 = Release|Any CPU
		{47A95981-EC77-4952-887C-C54F58AB02B5}.Release|x64.ActiveCfg = Release|Any CPU
		{47A95981-EC77-4952-887C-C54F58AB02B5}.Release|x64.Build.0 = Release|Any CPU
		{47A95981-EC77-4952-887C-C54F58AB02B5}.Release|x86.ActiveCfg = Release|Any CPU
		{47A95981-EC77-4952-887C-C54F58AB02B5}.Release|x86.Build.0 = Release|Any CPU
		{95D1AC1C-20FE-4364-BE71-A3FB81650999}.Debug|Any CPU.ActiveCfg = Debug|Any CPU
		{95D1AC1C-20FE-4364-BE71-A3FB81650999}.Debug|Any CPU.Build.0 = Debug|Any CPU
		{95D1AC1C-20FE-4364-BE71-A3FB81650999}.Debug|x64.ActiveCfg = Debug|Any CPU
		{95D1AC1C-20FE-4364-BE71-A3FB81650999}.Debug|x64.Build.0 = Debug|Any CPU
		{95D1AC1C-20FE-4364-BE71-A3FB81650999}.Debug|x86.ActiveCfg = Debug|Any CPU
		{95D1AC1C-20FE-4364-BE71-A3FB81650999}.Debug|x86.Build.0 = Debug|Any CPU
		{95D1AC1C-20FE-4364-BE71-A3FB81650999}.Release|Any CPU.ActiveCfg = Release|Any CPU
		{95D1AC1C-20FE-4364-BE71-A3FB81650999}.Release|Any CPU.Build.0 = Release|Any CPU
		{95D1AC1C-20FE-4364-BE71-A3FB81650999}.Release|x64.ActiveCfg = Release|Any CPU
		{95D1AC1C-20FE-4364-BE71-A3FB81650999}.Release|x64.Build.0 = Release|Any CPU
		{95D1AC1C-20FE-4364-BE71-A3FB81650999}.Release|x86.ActiveCfg = Release|Any CPU
		{95D1AC1C-20FE-4364-BE71-A3FB81650999}.Release|x86.Build.0 = Release|Any CPU
		{B4C3AA80-4D4D-4AA3-B5B9-C91682495577}.Debug|Any CPU.ActiveCfg = Debug|Any CPU
		{B4C3AA80-4D4D-4AA3-B5B9-C91682495577}.Debug|Any CPU.Build.0 = Debug|Any CPU
		{B4C3AA80-4D4D-4AA3-B5B9-C91682495577}.Debug|x64.ActiveCfg = Debug|Any CPU
		{B4C3AA80-4D4D-4AA3-B5B9-C91682495577}.Debug|x64.Build.0 = Debug|Any CPU
		{B4C3AA80-4D4D-4AA3-B5B9-C91682495577}.Debug|x86.ActiveCfg = Debug|Any CPU
		{B4C3AA80-4D4D-4AA3-B5B9-C91682495577}.Debug|x86.Build.0 = Debug|Any CPU
		{B4C3AA80-4D4D-4AA3-B5B9-C91682495577}.Release|Any CPU.ActiveCfg = Release|Any CPU
		{B4C3AA80-4D4D-4AA3-B5B9-C91682495577}.Release|Any CPU.Build.0 = Release|Any CPU
		{B4C3AA80-4D4D-4AA3-B5B9-C91682495577}.Release|x64.ActiveCfg = Release|Any CPU
		{B4C3AA80-4D4D-4AA3-B5B9-C91682495577}.Release|x64.Build.0 = Release|Any CPU
		{B4C3AA80-4D4D-4AA3-B5B9-C91682495577}.Release|x86.ActiveCfg = Release|Any CPU
		{B4C3AA80-4D4D-4AA3-B5B9-C91682495577}.Release|x86.Build.0 = Release|Any CPU
		{967A65D8-14D7-49B9-8AC7-185C0C56ACA6}.Debug|Any CPU.ActiveCfg = Debug|Any CPU
		{967A65D8-14D7-49B9-8AC7-185C0C56ACA6}.Debug|Any CPU.Build.0 = Debug|Any CPU
		{967A65D8-14D7-49B9-8AC7-185C0C56ACA6}.Debug|x64.ActiveCfg = Debug|Any CPU
		{967A65D8-14D7-49B9-8AC7-185C0C56ACA6}.Debug|x64.Build.0 = Debug|Any CPU
		{967A65D8-14D7-49B9-8AC7-185C0C56ACA6}.Debug|x86.ActiveCfg = Debug|Any CPU
		{967A65D8-14D7-49B9-8AC7-185C0C56ACA6}.Debug|x86.Build.0 = Debug|Any CPU
		{967A65D8-14D7-49B9-8AC7-185C0C56ACA6}.Release|Any CPU.ActiveCfg = Release|Any CPU
		{967A65D8-14D7-49B9-8AC7-185C0C56ACA6}.Release|Any CPU.Build.0 = Release|Any CPU
		{967A65D8-14D7-49B9-8AC7-185C0C56ACA6}.Release|x64.ActiveCfg = Release|Any CPU
		{967A65D8-14D7-49B9-8AC7-185C0C56ACA6}.Release|x64.Build.0 = Release|Any CPU
		{967A65D8-14D7-49B9-8AC7-185C0C56ACA6}.Release|x86.ActiveCfg = Release|Any CPU
		{967A65D8-14D7-49B9-8AC7-185C0C56ACA6}.Release|x86.Build.0 = Release|Any CPU
		{E63BF7D6-18E9-4883-BF76-68CF1CA690C7}.Debug|Any CPU.ActiveCfg = Debug|Any CPU
		{E63BF7D6-18E9-4883-BF76-68CF1CA690C7}.Debug|Any CPU.Build.0 = Debug|Any CPU
		{E63BF7D6-18E9-4883-BF76-68CF1CA690C7}.Debug|x64.ActiveCfg = Debug|Any CPU
		{E63BF7D6-18E9-4883-BF76-68CF1CA690C7}.Debug|x64.Build.0 = Debug|Any CPU
		{E63BF7D6-18E9-4883-BF76-68CF1CA690C7}.Debug|x86.ActiveCfg = Debug|Any CPU
		{E63BF7D6-18E9-4883-BF76-68CF1CA690C7}.Debug|x86.Build.0 = Debug|Any CPU
		{E63BF7D6-18E9-4883-BF76-68CF1CA690C7}.Release|Any CPU.ActiveCfg = Release|Any CPU
		{E63BF7D6-18E9-4883-BF76-68CF1CA690C7}.Release|Any CPU.Build.0 = Release|Any CPU
		{E63BF7D6-18E9-4883-BF76-68CF1CA690C7}.Release|x64.ActiveCfg = Release|Any CPU
		{E63BF7D6-18E9-4883-BF76-68CF1CA690C7}.Release|x64.Build.0 = Release|Any CPU
		{E63BF7D6-18E9-4883-BF76-68CF1CA690C7}.Release|x86.ActiveCfg = Release|Any CPU
		{E63BF7D6-18E9-4883-BF76-68CF1CA690C7}.Release|x86.Build.0 = Release|Any CPU
		{2B7E1F8C-AFA1-4C6D-B857-E014D293C0DD}.Debug|Any CPU.ActiveCfg = Debug|Any CPU
		{2B7E1F8C-AFA1-4C6D-B857-E014D293C0DD}.Debug|Any CPU.Build.0 = Debug|Any CPU
		{2B7E1F8C-AFA1-4C6D-B857-E014D293C0DD}.Debug|x64.ActiveCfg = Debug|Any CPU
		{2B7E1F8C-AFA1-4C6D-B857-E014D293C0DD}.Debug|x64.Build.0 = Debug|Any CPU
		{2B7E1F8C-AFA1-4C6D-B857-E014D293C0DD}.Debug|x86.ActiveCfg = Debug|Any CPU
		{2B7E1F8C-AFA1-4C6D-B857-E014D293C0DD}.Debug|x86.Build.0 = Debug|Any CPU
		{2B7E1F8C-AFA1-4C6D-B857-E014D293C0DD}.Release|Any CPU.ActiveCfg = Release|Any CPU
		{2B7E1F8C-AFA1-4C6D-B857-E014D293C0DD}.Release|Any CPU.Build.0 = Release|Any CPU
		{2B7E1F8C-AFA1-4C6D-B857-E014D293C0DD}.Release|x64.ActiveCfg = Release|Any CPU
		{2B7E1F8C-AFA1-4C6D-B857-E014D293C0DD}.Release|x64.Build.0 = Release|Any CPU
		{2B7E1F8C-AFA1-4C6D-B857-E014D293C0DD}.Release|x86.ActiveCfg = Release|Any CPU
		{2B7E1F8C-AFA1-4C6D-B857-E014D293C0DD}.Release|x86.Build.0 = Release|Any CPU
		{1088B335-7678-4619-AECE-A1DB7841FDFE}.Debug|Any CPU.ActiveCfg = Debug|Any CPU
		{1088B335-7678-4619-AECE-A1DB7841FDFE}.Debug|Any CPU.Build.0 = Debug|Any CPU
		{1088B335-7678-4619-AECE-A1DB7841FDFE}.Debug|x64.ActiveCfg = Debug|Any CPU
		{1088B335-7678-4619-AECE-A1DB7841FDFE}.Debug|x64.Build.0 = Debug|Any CPU
		{1088B335-7678-4619-AECE-A1DB7841FDFE}.Debug|x86.ActiveCfg = Debug|Any CPU
		{1088B335-7678-4619-AECE-A1DB7841FDFE}.Debug|x86.Build.0 = Debug|Any CPU
		{1088B335-7678-4619-AECE-A1DB7841FDFE}.Release|Any CPU.ActiveCfg = Release|Any CPU
		{1088B335-7678-4619-AECE-A1DB7841FDFE}.Release|Any CPU.Build.0 = Release|Any CPU
		{1088B335-7678-4619-AECE-A1DB7841FDFE}.Release|x64.ActiveCfg = Release|Any CPU
		{1088B335-7678-4619-AECE-A1DB7841FDFE}.Release|x64.Build.0 = Release|Any CPU
		{1088B335-7678-4619-AECE-A1DB7841FDFE}.Release|x86.ActiveCfg = Release|Any CPU
		{1088B335-7678-4619-AECE-A1DB7841FDFE}.Release|x86.Build.0 = Release|Any CPU
	EndGlobalSection
	GlobalSection(SolutionProperties) = preSolution
		HideSolutionNode = FALSE
	EndGlobalSection
	GlobalSection(NestedProjects) = preSolution
		{47A95981-EC77-4952-887C-C54F58AB02B5} = {827E0CD3-B72D-47B6-A68D-7590B98EB39B}
		{95D1AC1C-20FE-4364-BE71-A3FB81650999} = {827E0CD3-B72D-47B6-A68D-7590B98EB39B}
		{B4C3AA80-4D4D-4AA3-B5B9-C91682495577} = {0AB3BF05-4346-4AA6-1389-037BE0695223}
		{967A65D8-14D7-49B9-8AC7-185C0C56ACA6} = {827E0CD3-B72D-47B6-A68D-7590B98EB39B}
		{E63BF7D6-18E9-4883-BF76-68CF1CA690C7} = {827E0CD3-B72D-47B6-A68D-7590B98EB39B}
		{2B7E1F8C-AFA1-4C6D-B857-E014D293C0DD} = {5D20AA90-6969-D8BD-9DCD-8634F4692FDA}
		{1088B335-7678-4619-AECE-A1DB7841FDFE} = {5D20AA90-6969-D8BD-9DCD-8634F4692FDA}
	EndGlobalSection
	GlobalSection(ExtensibilityGlobals) = postSolution
		SolutionGuid = {3B4E9DF3-6E5A-4329-9182-51243591C89F}
	EndGlobalSection
EndGlobal
